// !$*UTF8*$!
{
	archiveVersion = 1;
	classes = {
	};
	objectVersion = 55;
	objects = {

/* Begin PBXBuildFile section */
		BC0F00602769DB35001272B1 /* AppDelegate.swift in Sources */ = {isa = PBXBuildFile; fileRef = BC0F005F2769DB35001272B1 /* AppDelegate.swift */; };
		BC0F00622769DB35001272B1 /* SceneDelegate.swift in Sources */ = {isa = PBXBuildFile; fileRef = BC0F00612769DB35001272B1 /* SceneDelegate.swift */; };
		BC0F00642769DB35001272B1 /* ViewController.swift in Sources */ = {isa = PBXBuildFile; fileRef = BC0F00632769DB35001272B1 /* ViewController.swift */; };
		BC0F00672769DB35001272B1 /* Main.storyboard in Resources */ = {isa = PBXBuildFile; fileRef = BC0F00652769DB35001272B1 /* Main.storyboard */; };
		BC0F00692769DB37001272B1 /* Assets.xcassets in Resources */ = {isa = PBXBuildFile; fileRef = BC0F00682769DB37001272B1 /* Assets.xcassets */; };
		BC0F006C2769DB37001272B1 /* LaunchScreen.storyboard in Resources */ = {isa = PBXBuildFile; fileRef = BC0F006A2769DB37001272B1 /* LaunchScreen.storyboard */; };
		BC0F00772769DB37001272B1 /* TestCYPlayerTests.swift in Sources */ = {isa = PBXBuildFile; fileRef = BC0F00762769DB37001272B1 /* TestCYPlayerTests.swift */; };
		BC0F00812769DB37001272B1 /* TestCYPlayerUITests.swift in Sources */ = {isa = PBXBuildFile; fileRef = BC0F00802769DB37001272B1 /* TestCYPlayerUITests.swift */; };
		BC0F00832769DB37001272B1 /* TestCYPlayerUITestsLaunchTests.swift in Sources */ = {isa = PBXBuildFile; fileRef = BC0F00822769DB37001272B1 /* TestCYPlayerUITestsLaunchTests.swift */; };
		F7D6028E470F7DA71CB9C7BD /* Pods_TestCYPlayer.framework in Frameworks */ = {isa = PBXBuildFile; fileRef = 977DEF1BEBE54676FA72CB2E /* Pods_TestCYPlayer.framework */; };
/* End PBXBuildFile section */

/* Begin PBXContainerItemProxy section */
		BC0F00732769DB37001272B1 /* PBXContainerItemProxy */ = {
			isa = PBXContainerItemProxy;
			containerPortal = BC0F00542769DB35001272B1 /* Project object */;
			proxyType = 1;
			remoteGlobalIDString = BC0F005B2769DB35001272B1;
			remoteInfo = TestCYPlayer;
		};
		BC0F007D2769DB37001272B1 /* PBXContainerItemProxy */ = {
			isa = PBXContainerItemProxy;
			containerPortal = BC0F00542769DB35001272B1 /* Project object */;
			proxyType = 1;
			remoteGlobalIDString = BC0F005B2769DB35001272B1;
			remoteInfo = TestCYPlayer;
		};
/* End PBXContainerItemProxy section */

/* Begin PBXFileReference section */
		098F57ADF0EB2BA4857294CE /* Pods-TestCYPlayer.debug.xcconfig */ = {isa = PBXFileReference; includeInIndex = 1; lastKnownFileType = text.xcconfig; name = "Pods-TestCYPlayer.debug.xcconfig"; path = "Target Support Files/Pods-TestCYPlayer/Pods-TestCYPlayer.debug.xcconfig"; sourceTree = "<group>"; };
		977DEF1BEBE54676FA72CB2E /* Pods_TestCYPlayer.framework */ = {isa = PBXFileReference; explicitFileType = wrapper.framework; includeInIndex = 0; path = Pods_TestCYPlayer.framework; sourceTree = BUILT_PRODUCTS_DIR; };
		B9A328F54E4695745B7EBB33 /* Pods-TestCYPlayer.release.xcconfig */ = {isa = PBXFileReference; includeInIndex = 1; lastKnownFileType = text.xcconfig; name = "Pods-TestCYPlayer.release.xcconfig"; path = "Target Support Files/Pods-TestCYPlayer/Pods-TestCYPlayer.release.xcconfig"; sourceTree = "<group>"; };
		BC0F005C2769DB35001272B1 /* TestCYPlayer.app */ = {isa = PBXFileReference; explicitFileType = wrapper.application; includeInIndex = 0; path = TestCYPlayer.app; sourceTree = BUILT_PRODUCTS_DIR; };
		BC0F005F2769DB35001272B1 /* AppDelegate.swift */ = {isa = PBXFileReference; lastKnownFileType = sourcecode.swift; path = AppDelegate.swift; sourceTree = "<group>"; };
		BC0F00612769DB35001272B1 /* SceneDelegate.swift */ = {isa = PBXFileReference; lastKnownFileType = sourcecode.swift; path = SceneDelegate.swift; sourceTree = "<group>"; };
		BC0F00632769DB35001272B1 /* ViewController.swift */ = {isa = PBXFileReference; lastKnownFileType = sourcecode.swift; path = ViewController.swift; sourceTree = "<group>"; };
		BC0F00662769DB35001272B1 /* Base */ = {isa = PBXFileReference; lastKnownFileType = file.storyboard; name = Base; path = Base.lproj/Main.storyboard; sourceTree = "<group>"; };
		BC0F00682769DB37001272B1 /* Assets.xcassets */ = {isa = PBXFileReference; lastKnownFileType = folder.assetcatalog; path = Assets.xcassets; sourceTree = "<group>"; };
		BC0F006B2769DB37001272B1 /* Base */ = {isa = PBXFileReference; lastKnownFileType = file.storyboard; name = Base; path = Base.lproj/LaunchScreen.storyboard; sourceTree = "<group>"; };
		BC0F006D2769DB37001272B1 /* Info.plist */ = {isa = PBXFileReference; lastKnownFileType = text.plist.xml; path = Info.plist; sourceTree = "<group>"; };
		BC0F00722769DB37001272B1 /* TestCYPlayerTests.xctest */ = {isa = PBXFileReference; explicitFileType = wrapper.cfbundle; includeInIndex = 0; path = TestCYPlayerTests.xctest; sourceTree = BUILT_PRODUCTS_DIR; };
		BC0F00762769DB37001272B1 /* TestCYPlayerTests.swift */ = {isa = PBXFileReference; lastKnownFileType = sourcecode.swift; path = TestCYPlayerTests.swift; sourceTree = "<group>"; };
		BC0F007C2769DB37001272B1 /* TestCYPlayerUITests.xctest */ = {isa = PBXFileReference; explicitFileType = wrapper.cfbundle; includeInIndex = 0; path = TestCYPlayerUITests.xctest; sourceTree = BUILT_PRODUCTS_DIR; };
		BC0F00802769DB37001272B1 /* TestCYPlayerUITests.swift */ = {isa = PBXFileReference; lastKnownFileType = sourcecode.swift; path = TestCYPlayerUITests.swift; sourceTree = "<group>"; };
		BC0F00822769DB37001272B1 /* TestCYPlayerUITestsLaunchTests.swift */ = {isa = PBXFileReference; lastKnownFileType = sourcecode.swift; path = TestCYPlayerUITestsLaunchTests.swift; sourceTree = "<group>"; };
/* End PBXFileReference section */

/* Begin PBXFrameworksBuildPhase section */
		BC0F00592769DB35001272B1 /* Frameworks */ = {
			isa = PBXFrameworksBuildPhase;
			buildActionMask = 2147483647;
			files = (
				F7D6028E470F7DA71CB9C7BD /* Pods_TestCYPlayer.framework in Frameworks */,
			);
			runOnlyForDeploymentPostprocessing = 0;
		};
		BC0F006F2769DB37001272B1 /* Frameworks */ = {
			isa = PBXFrameworksBuildPhase;
			buildActionMask = 2147483647;
			files = (
			);
			runOnlyForDeploymentPostprocessing = 0;
		};
		BC0F00792769DB37001272B1 /* Frameworks */ = {
			isa = PBXFrameworksBuildPhase;
			buildActionMask = 2147483647;
			files = (
			);
			runOnlyForDeploymentPostprocessing = 0;
		};
/* End PBXFrameworksBuildPhase section */

/* Begin PBXGroup section */
		19B509B3D683565309035002 /* Frameworks */ = {
			isa = PBXGroup;
			children = (
				977DEF1BEBE54676FA72CB2E /* Pods_TestCYPlayer.framework */,
			);
			name = Frameworks;
			sourceTree = "<group>";
		};
		80C038AA75116AFA823D0F83 /* Pods */ = {
			isa = PBXGroup;
			children = (
				098F57ADF0EB2BA4857294CE /* Pods-TestCYPlayer.debug.xcconfig */,
				B9A328F54E4695745B7EBB33 /* Pods-TestCYPlayer.release.xcconfig */,
			);
			name = Pods;
			path = Pods;
			sourceTree = "<group>";
		};
		BC0F00532769DB35001272B1 = {
			isa = PBXGroup;
			children = (
				BC0F005E2769DB35001272B1 /* TestCYPlayer */,
				BC0F00752769DB37001272B1 /* TestCYPlayerTests */,
				BC0F007F2769DB37001272B1 /* TestCYPlayerUITests */,
				BC0F005D2769DB35001272B1 /* Products */,
				80C038AA75116AFA823D0F83 /* Pods */,
				19B509B3D683565309035002 /* Frameworks */,
			);
			sourceTree = "<group>";
		};
		BC0F005D2769DB35001272B1 /* Products */ = {
			isa = PBXGroup;
			children = (
				BC0F005C2769DB35001272B1 /* TestCYPlayer.app */,
				BC0F00722769DB37001272B1 /* TestCYPlayerTests.xctest */,
				BC0F007C2769DB37001272B1 /* TestCYPlayerUITests.xctest */,
			);
			name = Products;
			sourceTree = "<group>";
		};
		BC0F005E2769DB35001272B1 /* TestCYPlayer */ = {
			isa = PBXGroup;
			children = (
				BC0F005F2769DB35001272B1 /* AppDelegate.swift */,
				BC0F00612769DB35001272B1 /* SceneDelegate.swift */,
				BC0F00632769DB35001272B1 /* ViewController.swift */,
				BC0F00652769DB35001272B1 /* Main.storyboard */,
				BC0F00682769DB37001272B1 /* Assets.xcassets */,
				BC0F006A2769DB37001272B1 /* LaunchScreen.storyboard */,
				BC0F006D2769DB37001272B1 /* Info.plist */,
			);
			path = TestCYPlayer;
			sourceTree = "<group>";
		};
		BC0F00752769DB37001272B1 /* TestCYPlayerTests */ = {
			isa = PBXGroup;
			children = (
				BC0F00762769DB37001272B1 /* TestCYPlayerTests.swift */,
			);
			path = TestCYPlayerTests;
			sourceTree = "<group>";
		};
		BC0F007F2769DB37001272B1 /* TestCYPlayerUITests */ = {
			isa = PBXGroup;
			children = (
				BC0F00802769DB37001272B1 /* TestCYPlayerUITests.swift */,
				BC0F00822769DB37001272B1 /* TestCYPlayerUITestsLaunchTests.swift */,
			);
			path = TestCYPlayerUITests;
			sourceTree = "<group>";
		};
/* End PBXGroup section */

/* Begin PBXNativeTarget section */
		BC0F005B2769DB35001272B1 /* TestCYPlayer */ = {
			isa = PBXNativeTarget;
			buildConfigurationList = BC0F00862769DB37001272B1 /* Build configuration list for PBXNativeTarget "TestCYPlayer" */;
			buildPhases = (
				0E57CDE2A0830A019AD33775 /* [CP] Check Pods Manifest.lock */,
				BC0F00582769DB35001272B1 /* Sources */,
				BC0F00592769DB35001272B1 /* Frameworks */,
				BC0F005A2769DB35001272B1 /* Resources */,
				2843F09C7692590F8D84A815 /* [CP] Embed Pods Frameworks */,
			);
			buildRules = (
			);
			dependencies = (
			);
			name = TestCYPlayer;
			productName = TestCYPlayer;
			productReference = BC0F005C2769DB35001272B1 /* TestCYPlayer.app */;
			productType = "com.apple.product-type.application";
		};
		BC0F00712769DB37001272B1 /* TestCYPlayerTests */ = {
			isa = PBXNativeTarget;
			buildConfigurationList = BC0F00892769DB37001272B1 /* Build configuration list for PBXNativeTarget "TestCYPlayerTests" */;
			buildPhases = (
				BC0F006E2769DB37001272B1 /* Sources */,
				BC0F006F2769DB37001272B1 /* Frameworks */,
				BC0F00702769DB37001272B1 /* Resources */,
			);
			buildRules = (
			);
			dependencies = (
				BC0F00742769DB37001272B1 /* PBXTargetDependency */,
			);
			name = TestCYPlayerTests;
			productName = TestCYPlayerTests;
			productReference = BC0F00722769DB37001272B1 /* TestCYPlayerTests.xctest */;
			productType = "com.apple.product-type.bundle.unit-test";
		};
		BC0F007B2769DB37001272B1 /* TestCYPlayerUITests */ = {
			isa = PBXNativeTarget;
			buildConfigurationList = BC0F008C2769DB37001272B1 /* Build configuration list for PBXNativeTarget "TestCYPlayerUITests" */;
			buildPhases = (
				BC0F00782769DB37001272B1 /* Sources */,
				BC0F00792769DB37001272B1 /* Frameworks */,
				BC0F007A2769DB37001272B1 /* Resources */,
			);
			buildRules = (
			);
			dependencies = (
				BC0F007E2769DB37001272B1 /* PBXTargetDependency */,
			);
			name = TestCYPlayerUITests;
			productName = TestCYPlayerUITests;
			productReference = BC0F007C2769DB37001272B1 /* TestCYPlayerUITests.xctest */;
			productType = "com.apple.product-type.bundle.ui-testing";
		};
/* End PBXNativeTarget section */

/* Begin PBXProject section */
		BC0F00542769DB35001272B1 /* Project object */ = {
			isa = PBXProject;
			attributes = {
				BuildIndependentTargetsInParallel = 1;
				LastSwiftUpdateCheck = 1320;
				LastUpgradeCheck = 1320;
				TargetAttributes = {
					BC0F005B2769DB35001272B1 = {
						CreatedOnToolsVersion = 13.2;
					};
					BC0F00712769DB37001272B1 = {
						CreatedOnToolsVersion = 13.2;
						TestTargetID = BC0F005B2769DB35001272B1;
					};
					BC0F007B2769DB37001272B1 = {
						CreatedOnToolsVersion = 13.2;
						TestTargetID = BC0F005B2769DB35001272B1;
					};
				};
			};
			buildConfigurationList = BC0F00572769DB35001272B1 /* Build configuration list for PBXProject "TestCYPlayer" */;
			compatibilityVersion = "Xcode 13.0";
			developmentRegion = en;
			hasScannedForEncodings = 0;
			knownRegions = (
				en,
				Base,
			);
			mainGroup = BC0F00532769DB35001272B1;
			productRefGroup = BC0F005D2769DB35001272B1 /* Products */;
			projectDirPath = "";
			projectRoot = "";
			targets = (
				BC0F005B2769DB35001272B1 /* TestCYPlayer */,
				BC0F00712769DB37001272B1 /* TestCYPlayerTests */,
				BC0F007B2769DB37001272B1 /* TestCYPlayerUITests */,
			);
		};
/* End PBXProject section */

/* Begin PBXResourcesBuildPhase section */
		BC0F005A2769DB35001272B1 /* Resources */ = {
			isa = PBXResourcesBuildPhase;
			buildActionMask = 2147483647;
			files = (
				BC0F006C2769DB37001272B1 /* LaunchScreen.storyboard in Resources */,
				BC0F00692769DB37001272B1 /* Assets.xcassets in Resources */,
				BC0F00672769DB35001272B1 /* Main.storyboard in Resources */,
			);
			runOnlyForDeploymentPostprocessing = 0;
		};
		BC0F00702769DB37001272B1 /* Resources */ = {
			isa = PBXResourcesBuildPhase;
			buildActionMask = 2147483647;
			files = (
			);
			runOnlyForDeploymentPostprocessing = 0;
		};
		BC0F007A2769DB37001272B1 /* Resources */ = {
			isa = PBXResourcesBuildPhase;
			buildActionMask = 2147483647;
			files = (
			);
			runOnlyForDeploymentPostprocessing = 0;
		};
/* End PBXResourcesBuildPhase section */

/* Begin PBXShellScriptBuildPhase section */
		0E57CDE2A0830A019AD33775 /* [CP] Check Pods Manifest.lock */ = {
			isa = PBXShellScriptBuildPhase;
			buildActionMask = 2147483647;
			files = (
			);
			inputFileListPaths = (
			);
			inputPaths = (
				"${PODS_PODFILE_DIR_PATH}/Podfile.lock",
				"${PODS_ROOT}/Manifest.lock",
			);
			name = "[CP] Check Pods Manifest.lock";
			outputFileListPaths = (
			);
			outputPaths = (
				"$(DERIVED_FILE_DIR)/Pods-TestCYPlayer-checkManifestLockResult.txt",
			);
			runOnlyForDeploymentPostprocessing = 0;
			shellPath = /bin/sh;
			shellScript = "diff \"${PODS_PODFILE_DIR_PATH}/Podfile.lock\" \"${PODS_ROOT}/Manifest.lock\" > /dev/null\nif [ $? != 0 ] ; then\n    # print error to STDERR\n    echo \"error: The sandbox is not in sync with the Podfile.lock. Run 'pod install' or update your CocoaPods installation.\" >&2\n    exit 1\nfi\n# This output is used by Xcode 'outputs' to avoid re-running this script phase.\necho \"SUCCESS\" > \"${SCRIPT_OUTPUT_FILE_0}\"\n";
			showEnvVarsInLog = 0;
		};
		2843F09C7692590F8D84A815 /* [CP] Embed Pods Frameworks */ = {
			isa = PBXShellScriptBuildPhase;
			buildActionMask = 2147483647;
			files = (
			);
			inputFileListPaths = (
				"${PODS_ROOT}/Target Support Files/Pods-TestCYPlayer/Pods-TestCYPlayer-frameworks-${CONFIGURATION}-input-files.xcfilelist",
			);
			name = "[CP] Embed Pods Frameworks";
			outputFileListPaths = (
				"${PODS_ROOT}/Target Support Files/Pods-TestCYPlayer/Pods-TestCYPlayer-frameworks-${CONFIGURATION}-output-files.xcfilelist",
			);
			runOnlyForDeploymentPostprocessing = 0;
			shellPath = /bin/sh;
			shellScript = "\"${PODS_ROOT}/Target Support Files/Pods-TestCYPlayer/Pods-TestCYPlayer-frameworks.sh\"\n";
			showEnvVarsInLog = 0;
		};
/* End PBXShellScriptBuildPhase section */

/* Begin PBXSourcesBuildPhase section */
		BC0F00582769DB35001272B1 /* Sources */ = {
			isa = PBXSourcesBuildPhase;
			buildActionMask = 2147483647;
			files = (
				BC0F00642769DB35001272B1 /* ViewController.swift in Sources */,
				BC0F00602769DB35001272B1 /* AppDelegate.swift in Sources */,
				BC0F00622769DB35001272B1 /* SceneDelegate.swift in Sources */,
			);
			runOnlyForDeploymentPostprocessing = 0;
		};
		BC0F006E2769DB37001272B1 /* Sources */ = {
			isa = PBXSourcesBuildPhase;
			buildActionMask = 2147483647;
			files = (
				BC0F00772769DB37001272B1 /* TestCYPlayerTests.swift in Sources */,
			);
			runOnlyForDeploymentPostprocessing = 0;
		};
		BC0F00782769DB37001272B1 /* Sources */ = {
			isa = PBXSourcesBuildPhase;
			buildActionMask = 2147483647;
			files = (
				BC0F00812769DB37001272B1 /* TestCYPlayerUITests.swift in Sources */,
				BC0F00832769DB37001272B1 /* TestCYPlayerUITestsLaunchTests.swift in Sources */,
			);
			runOnlyForDeploymentPostprocessing = 0;
		};
/* End PBXSourcesBuildPhase section */

/* Begin PBXTargetDependency section */
		BC0F00742769DB37001272B1 /* PBXTargetDependency */ = {
			isa = PBXTargetDependency;
			target = BC0F005B2769DB35001272B1 /* TestCYPlayer */;
			targetProxy = BC0F00732769DB37001272B1 /* PBXContainerItemProxy */;
		};
		BC0F007E2769DB37001272B1 /* PBXTargetDependency */ = {
			isa = PBXTargetDependency;
			target = BC0F005B2769DB35001272B1 /* TestCYPlayer */;
			targetProxy = BC0F007D2769DB37001272B1 /* PBXContainerItemProxy */;
		};
/* End PBXTargetDependency section */

/* Begin PBXVariantGroup section */
		BC0F00652769DB35001272B1 /* Main.storyboard */ = {
			isa = PBXVariantGroup;
			children = (
				BC0F00662769DB35001272B1 /* Base */,
			);
			name = Main.storyboard;
			sourceTree = "<group>";
		};
		BC0F006A2769DB37001272B1 /* LaunchScreen.storyboard */ = {
			isa = PBXVariantGroup;
			children = (
				BC0F006B2769DB37001272B1 /* Base */,
			);
			name = LaunchScreen.storyboard;
			sourceTree = "<group>";
		};
/* End PBXVariantGroup section */

/* Begin XCBuildConfiguration section */
		BC0F00842769DB37001272B1 /* Debug */ = {
			isa = XCBuildConfiguration;
			buildSettings = {
				ALWAYS_SEARCH_USER_PATHS = NO;
				CLANG_ANALYZER_NONNULL = YES;
				CLANG_ANALYZER_NUMBER_OBJECT_CONVERSION = YES_AGGRESSIVE;
				CLANG_CXX_LANGUAGE_STANDARD = "gnu++17";
				CLANG_CXX_LIBRARY = "libc++";
				CLANG_ENABLE_MODULES = YES;
				CLANG_ENABLE_OBJC_ARC = YES;
				CLANG_ENABLE_OBJC_WEAK = YES;
				CLANG_WARN_BLOCK_CAPTURE_AUTORELEASING = YES;
				CLANG_WARN_BOOL_CONVERSION = YES;
				CLANG_WARN_COMMA = YES;
				CLANG_WARN_CONSTANT_CONVERSION = YES;
				CLANG_WARN_DEPRECATED_OBJC_IMPLEMENTATIONS = YES;
				CLANG_WARN_DIRECT_OBJC_ISA_USAGE = YES_ERROR;
				CLANG_WARN_DOCUMENTATION_COMMENTS = YES;
				CLANG_WARN_EMPTY_BODY = YES;
				CLANG_WARN_ENUM_CONVERSION = YES;
				CLANG_WARN_INFINITE_RECURSION = YES;
				CLANG_WARN_INT_CONVERSION = YES;
				CLANG_WARN_NON_LITERAL_NULL_CONVERSION = YES;
				CLANG_WARN_OBJC_IMPLICIT_RETAIN_SELF = YES;
				CLANG_WARN_OBJC_LITERAL_CONVERSION = YES;
				CLANG_WARN_OBJC_ROOT_CLASS = YES_ERROR;
				CLANG_WARN_QUOTED_INCLUDE_IN_FRAMEWORK_HEADER = YES;
				CLANG_WARN_RANGE_LOOP_ANALYSIS = YES;
				CLANG_WARN_STRICT_PROTOTYPES = YES;
				CLANG_WARN_SUSPICIOUS_MOVE = YES;
				CLANG_WARN_UNGUARDED_AVAILABILITY = YES_AGGRESSIVE;
				CLANG_WARN_UNREACHABLE_CODE = YES;
				CLANG_WARN__DUPLICATE_METHOD_MATCH = YES;
				COPY_PHASE_STRIP = NO;
				DEBUG_INFORMATION_FORMAT = dwarf;
				ENABLE_STRICT_OBJC_MSGSEND = YES;
				ENABLE_TESTABILITY = YES;
				GCC_C_LANGUAGE_STANDARD = gnu11;
				GCC_DYNAMIC_NO_PIC = NO;
				GCC_NO_COMMON_BLOCKS = YES;
				GCC_OPTIMIZATION_LEVEL = 0;
				GCC_PREPROCESSOR_DEFINITIONS = (
					"DEBUG=1",
					"$(inherited)",
				);
				GCC_WARN_64_TO_32_BIT_CONVERSION = YES;
				GCC_WARN_ABOUT_RETURN_TYPE = YES_ERROR;
				GCC_WARN_UNDECLARED_SELECTOR = YES;
				GCC_WARN_UNINITIALIZED_AUTOS = YES_AGGRESSIVE;
				GCC_WARN_UNUSED_FUNCTION = YES;
				GCC_WARN_UNUSED_VARIABLE = YES;
				IPHONEOS_DEPLOYMENT_TARGET = 15.2;
				MTL_ENABLE_DEBUG_INFO = INCLUDE_SOURCE;
				MTL_FAST_MATH = YES;
				ONLY_ACTIVE_ARCH = YES;
				SDKROOT = iphoneos;
				SWIFT_ACTIVE_COMPILATION_CONDITIONS = DEBUG;
				SWIFT_OPTIMIZATION_LEVEL = "-Onone";
			};
			name = Debug;
		};
		BC0F00852769DB37001272B1 /* Release */ = {
			isa = XCBuildConfiguration;
			buildSettings = {
				ALWAYS_SEARCH_USER_PATHS = NO;
				CLANG_ANALYZER_NONNULL = YES;
				CLANG_ANALYZER_NUMBER_OBJECT_CONVERSION = YES_AGGRESSIVE;
				CLANG_CXX_LANGUAGE_STANDARD = "gnu++17";
				CLANG_CXX_LIBRARY = "libc++";
				CLANG_ENABLE_MODULES = YES;
				CLANG_ENABLE_OBJC_ARC = YES;
				CLANG_ENABLE_OBJC_WEAK = YES;
				CLANG_WARN_BLOCK_CAPTURE_AUTORELEASING = YES;
				CLANG_WARN_BOOL_CONVERSION = YES;
				CLANG_WARN_COMMA = YES;
				CLANG_WARN_CONSTANT_CONVERSION = YES;
				CLANG_WARN_DEPRECATED_OBJC_IMPLEMENTATIONS = YES;
				CLANG_WARN_DIRECT_OBJC_ISA_USAGE = YES_ERROR;
				CLANG_WARN_DOCUMENTATION_COMMENTS = YES;
				CLANG_WARN_EMPTY_BODY = YES;
				CLANG_WARN_ENUM_CONVERSION = YES;
				CLANG_WARN_INFINITE_RECURSION = YES;
				CLANG_WARN_INT_CONVERSION = YES;
				CLANG_WARN_NON_LITERAL_NULL_CONVERSION = YES;
				CLANG_WARN_OBJC_IMPLICIT_RETAIN_SELF = YES;
				CLANG_WARN_OBJC_LITERAL_CONVERSION = YES;
				CLANG_WARN_OBJC_ROOT_CLASS = YES_ERROR;
				CLANG_WARN_QUOTED_INCLUDE_IN_FRAMEWORK_HEADER = YES;
				CLANG_WARN_RANGE_LOOP_ANALYSIS = YES;
				CLANG_WARN_STRICT_PROTOTYPES = YES;
				CLANG_WARN_SUSPICIOUS_MOVE = YES;
				CLANG_WARN_UNGUARDED_AVAILABILITY = YES_AGGRESSIVE;
				CLANG_WARN_UNREACHABLE_CODE = YES;
				CLANG_WARN__DUPLICATE_METHOD_MATCH = YES;
				COPY_PHASE_STRIP = NO;
				DEBUG_INFORMATION_FORMAT = "dwarf-with-dsym";
				ENABLE_NS_ASSERTIONS = NO;
				ENABLE_STRICT_OBJC_MSGSEND = YES;
				GCC_C_LANGUAGE_STANDARD = gnu11;
				GCC_NO_COMMON_BLOCKS = YES;
				GCC_WARN_64_TO_32_BIT_CONVERSION = YES;
				GCC_WARN_ABOUT_RETURN_TYPE = YES_ERROR;
				GCC_WARN_UNDECLARED_SELECTOR = YES;
				GCC_WARN_UNINITIALIZED_AUTOS = YES_AGGRESSIVE;
				GCC_WARN_UNUSED_FUNCTION = YES;
				GCC_WARN_UNUSED_VARIABLE = YES;
				IPHONEOS_DEPLOYMENT_TARGET = 15.2;
				MTL_ENABLE_DEBUG_INFO = NO;
				MTL_FAST_MATH = YES;
				SDKROOT = iphoneos;
				SWIFT_COMPILATION_MODE = wholemodule;
				SWIFT_OPTIMIZATION_LEVEL = "-O";
				VALIDATE_PRODUCT = YES;
			};
			name = Release;
		};
		BC0F00872769DB37001272B1 /* Debug */ = {
			isa = XCBuildConfiguration;
			baseConfigurationReference = 098F57ADF0EB2BA4857294CE /* Pods-TestCYPlayer.debug.xcconfig */;
			buildSettings = {
				ASSETCATALOG_COMPILER_APPICON_NAME = AppIcon;
				ASSETCATALOG_COMPILER_GLOBAL_ACCENT_COLOR_NAME = AccentColor;
				CODE_SIGN_STYLE = Automatic;
				CURRENT_PROJECT_VERSION = 1;
				DEVELOPMENT_TEAM = 3TP4665PF2;
				GENERATE_INFOPLIST_FILE = YES;
				INFOPLIST_FILE = TestCYPlayer/Info.plist;
				INFOPLIST_KEY_UIApplicationSupportsIndirectInputEvents = YES;
				INFOPLIST_KEY_UILaunchStoryboardName = LaunchScreen;
				INFOPLIST_KEY_UIMainStoryboardFile = Main;
				INFOPLIST_KEY_UISupportedInterfaceOrientations_iPad = "UIInterfaceOrientationPortrait UIInterfaceOrientationPortraitUpsideDown UIInterfaceOrientationLandscapeLeft UIInterfaceOrientationLandscapeRight";
				INFOPLIST_KEY_UISupportedInterfaceOrientations_iPhone = "UIInterfaceOrientationPortrait UIInterfaceOrientationLandscapeLeft UIInterfaceOrientationLandscapeRight";
				LD_RUNPATH_SEARCH_PATHS = (
					"$(inherited)",
					"@executable_path/Frameworks",
				);
				MARKETING_VERSION = 1.0;
				PRODUCT_BUNDLE_IDENTIFIER = com.yellowei.www.testcyplyaer.TestCYPlayer;
				PRODUCT_NAME = "$(TARGET_NAME)";
				SWIFT_EMIT_LOC_STRINGS = YES;
				SWIFT_VERSION = 5.0;
				TARGETED_DEVICE_FAMILY = "1,2";
			};
			name = Debug;
		};
		BC0F00882769DB37001272B1 /* Release */ = {
			isa = XCBuildConfiguration;
			baseConfigurationReference = B9A328F54E4695745B7EBB33 /* Pods-TestCYPlayer.release.xcconfig */;
			buildSettings = {
				ASSETCATALOG_COMPILER_APPICON_NAME = AppIcon;
				ASSETCATALOG_COMPILER_GLOBAL_ACCENT_COLOR_NAME = AccentColor;
				CODE_SIGN_STYLE = Automatic;
				CURRENT_PROJECT_VERSION = 1;
				DEVELOPMENT_TEAM = 3TP4665PF2;
				GENERATE_INFOPLIST_FILE = YES;
				INFOPLIST_FILE = TestCYPlayer/Info.plist;
				INFOPLIST_KEY_UIApplicationSupportsIndirectInputEvents = YES;
				INFOPLIST_KEY_UILaunchStoryboardName = LaunchScreen;
				INFOPLIST_KEY_UIMainStoryboardFile = Main;
				INFOPLIST_KEY_UISupportedInterfaceOrientations_iPad = "UIInterfaceOrientationPortrait UIInterfaceOrientationPortraitUpsideDown UIInterfaceOrientationLandscapeLeft UIInterfaceOrientationLandscapeRight";
				INFOPLIST_KEY_UISupportedInterfaceOrientations_iPhone = "UIInterfaceOrientationPortrait UIInterfaceOrientationLandscapeLeft UIInterfaceOrientationLandscapeRight";
				LD_RUNPATH_SEARCH_PATHS = (
					"$(inherited)",
					"@executable_path/Frameworks",
				);
				MARKETING_VERSION = 1.0;
				PRODUCT_BUNDLE_IDENTIFIER = com.yellowei.www.testcyplyaer.TestCYPlayer;
				PRODUCT_NAME = "$(TARGET_NAME)";
				SWIFT_EMIT_LOC_STRINGS = YES;
				SWIFT_VERSION = 5.0;
				TARGETED_DEVICE_FAMILY = "1,2";
			};
			name = Release;
		};
		BC0F008A2769DB37001272B1 /* Debug */ = {
			isa = XCBuildConfiguration;
			buildSettings = {
				ALWAYS_EMBED_SWIFT_STANDARD_LIBRARIES = YES;
				BUNDLE_LOADER = "$(TEST_HOST)";
				CODE_SIGN_STYLE = Automatic;
				CURRENT_PROJECT_VERSION = 1;
				DEVELOPMENT_TEAM = 3TP4665PF2;
				GENERATE_INFOPLIST_FILE = YES;
				IPHONEOS_DEPLOYMENT_TARGET = 15.2;
				MARKETING_VERSION = 1.0;
				PRODUCT_BUNDLE_IDENTIFIER = com.yellowei.www.testcyplyaer.TestCYPlayerTests;
				PRODUCT_NAME = "$(TARGET_NAME)";
				SWIFT_EMIT_LOC_STRINGS = NO;
				SWIFT_VERSION = 5.0;
				TARGETED_DEVICE_FAMILY = "1,2";
				TEST_HOST = "$(BUILT_PRODUCTS_DIR)/TestCYPlayer.app/TestCYPlayer";
			};
			name = Debug;
		};
		BC0F008B2769DB37001272B1 /* Release */ = {
			isa = XCBuildConfiguration;
			buildSettings = {
				ALWAYS_EMBED_SWIFT_STANDARD_LIBRARIES = YES;
				BUNDLE_LOADER = "$(TEST_HOST)";
				CODE_SIGN_STYLE = Automatic;
				CURRENT_PROJECT_VERSION = 1;
				DEVELOPMENT_TEAM = 3TP4665PF2;
				GENERATE_INFOPLIST_FILE = YES;
				IPHONEOS_DEPLOYMENT_TARGET = 15.2;
				MARKETING_VERSION = 1.0;
				PRODUCT_BUNDLE_IDENTIFIER = com.yellowei.www.testcyplyaer.TestCYPlayerTests;
				PRODUCT_NAME = "$(TARGET_NAME)";
				SWIFT_EMIT_LOC_STRINGS = NO;
				SWIFT_VERSION = 5.0;
				TARGETED_DEVICE_FAMILY = "1,2";
				TEST_HOST = "$(BUILT_PRODUCTS_DIR)/TestCYPlayer.app/TestCYPlayer";
			};
			name = Release;
		};
		BC0F008D2769DB37001272B1 /* Debug */ = {
			isa = XCBuildConfiguration;
			buildSettings = {
				ALWAYS_EMBED_SWIFT_STANDARD_LIBRARIES = YES;
				CODE_SIGN_STYLE = Automatic;
				CURRENT_PROJECT_VERSION = 1;
				DEVELOPMENT_TEAM = 3TP4665PF2;
				GENERATE_INFOPLIST_FILE = YES;
				MARKETING_VERSION = 1.0;
				PRODUCT_BUNDLE_IDENTIFIER = com.yellowei.www.testcyplyaer.TestCYPlayerUITests;
				PRODUCT_NAME = "$(TARGET_NAME)";
				SWIFT_EMIT_LOC_STRINGS = NO;
				SWIFT_VERSION = 5.0;
				TARGETED_DEVICE_FAMILY = "1,2";
				TEST_TARGET_NAME = TestCYPlayer;
			};
			name = Debug;
		};
		BC0F008E2769DB37001272B1 /* Release */ = {
			isa = XCBuildConfiguration;
			buildSettings = {
				ALWAYS_EMBED_SWIFT_STANDARD_LIBRARIES = YES;
				CODE_SIGN_STYLE = Automatic;
				CURRENT_PROJECT_VERSION = 1;
				DEVELOPMENT_TEAM = 3TP4665PF2;
				GENERATE_INFOPLIST_FILE = YES;
				MARKETING_VERSION = 1.0;
				PRODUCT_BUNDLE_IDENTIFIER = com.yellowei.www.testcyplyaer.TestCYPlayerUITests;
				PRODUCT_NAME = "$(TARGET_NAME)";
				SWIFT_EMIT_LOC_STRINGS = NO;
				SWIFT_VERSION = 5.0;
				TARGETED_DEVICE_FAMILY = "1,2";
				TEST_TARGET_NAME = TestCYPlayer;
			};
			name = Release;
		};
/* End XCBuildConfiguration section */

/* Begin XCConfigurationList section */
		BC0F00572769DB35001272B1 /* Build configuration list for PBXProject "TestCYPlayer" */ = {
			isa = XCConfigurationList;
			buildConfigurations = (
				BC0F00842769DB37001272B1 /* Debug */,
				BC0F00852769DB37001272B1 /* Release */,
			);
			defaultConfigurationIsVisible = 0;
			defaultConfigurationName = Release;
		};
		BC0F00862769DB37001272B1 /* Build configuration list for PBXNativeTarget "TestCYPlayer" */ = {
			isa = XCConfigurationList;
			buildConfigurations = (
				BC0F00872769DB37001272B1 /* Debug */,
				BC0F00882769DB37001272B1 /* Release */,
			);
			defaultConfigurationIsVisible = 0;
			defaultConfigurationName = Release;
		};
		BC0F00892769DB37001272B1 /* Build configuration list for PBXNativeTarget "TestCYPlayerTests" */ = {
			isa = XCConfigurationList;
			buildConfigurations = (
				BC0F008A2769DB37001272B1 /* Debug */,
				BC0F008B2769DB37001272B1 /* Release */,
			);
			defaultConfigurationIsVisible = 0;
			defaultConfigurationName = Release;
		};
		BC0F008C2769DB37001272B1 /* Build configuration list for PBXNativeTarget "TestCYPlayerUITests" */ = {
			isa = XCConfigurationList;
			buildConfigurations = (
				BC0F008D2769DB37001272B1 /* Debug */,
				BC0F008E2769DB37001272B1 /* Release */,
			);
			defaultConfigurationIsVisible = 0;
			defaultConfigurationName = Release;
		};
/* End XCConfigurationList section */
	};
	rootObject = BC0F00542769DB35001272B1 /* Project object */;
}
